
Microsoft Visual Studio Solution File, Format Version 12.00
# Visual Studio Version 16
VisualStudioVersion = 16.0.29806.167
MinimumVisualStudioVersion = 10.0.40219.1
Project("{FAE04EC0-301F-11D3-BF4B-00C04F79EFBC}") = "SKF_Track_Record_2021", "SKF_Track_Record_2021.csproj", "{D9A97EB8-C56D-4AD9-A050-72CBA771891C}"
EndProject
Global
	GlobalSection(SolutionConfigurationPlatforms) = preSolution
		Debug|Any CPU = Debug|Any CPU
		Release|Any CPU = Release|Any CPU
	EndGlobalSection
	GlobalSection(ProjectConfigurationPlatforms) = postSolution
		{D9A97EB8-C56D-4AD9-A050-72CBA771891C}.Debug|Any CPU.ActiveCfg = Debug|Any CPU
		{D9A97EB8-C56D-4AD9-A050-72CBA771891C}.Debug|Any CPU.Build.0 = Debug|Any CPU
		{D9A97EB8-C56D-4AD9-A050-72CBA771891C}.Release|Any CPU.ActiveCfg = Release|Any CPU
		{D9A97EB8-C56D-4AD9-A050-72CBA771891C}.Release|Any CPU.Build.0 = Release|Any CPU
	EndGlobalSection
	GlobalSection(SolutionProperties) = preSolution
		HideSolutionNode = FALSE
	EndGlobalSection
	GlobalSection(ExtensibilityGlobals) = postSolution
		SolutionGuid = {3D099F84-3EE8-4C1A-AB67-2F56B17923B6}
	EndGlobalSection
EndGlobal
